// !$*UTF8*$!
{
	archiveVersion = 1;
	classes = {
	};
	objectVersion = 46;
	objects = {

/* Begin PBXBuildFile section */
		3679073724A5F8F08D8AA6C9 /* Pods_OrderGridUITests.framework in Frameworks */ = {isa = PBXBuildFile; fileRef = 75777E728D007AEDE79564DF /* Pods_OrderGridUITests.framework */; };
		6D78CF04A73E9152D85D1C42 /* Pods_OrderGridTests.framework in Frameworks */ = {isa = PBXBuildFile; fileRef = 99350BBBCEF09B97C9A02607 /* Pods_OrderGridTests.framework */; };
		AA147EFF1EF927AC00BF9509 /* OrderDataSource.swift in Sources */ = {isa = PBXBuildFile; fileRef = AA147EFE1EF927AC00BF9509 /* OrderDataSource.swift */; };
		AA147F011EF927BC00BF9509 /* OrderDelegate.swift in Sources */ = {isa = PBXBuildFile; fileRef = AA147F001EF927BC00BF9509 /* OrderDelegate.swift */; };
		AA1D2CBC1F044D250049E01F /* EuroFormatter.swift in Sources */ = {isa = PBXBuildFile; fileRef = AA1D2CBB1F044D250049E01F /* EuroFormatter.swift */; };
		AA2F4E011EE920190049EE47 /* GoogleService-Info.plist in Resources */ = {isa = PBXBuildFile; fileRef = AA2F4E001EE920190049EE47 /* GoogleService-Info.plist */; };
		AA2F4E061EE92A100049EE47 /* TablePickerDataSource.swift in Sources */ = {isa = PBXBuildFile; fileRef = AA2F4E051EE92A100049EE47 /* TablePickerDataSource.swift */; };
		AA2F4E081EE92A290049EE47 /* TablePickerDelegate.swift in Sources */ = {isa = PBXBuildFile; fileRef = AA2F4E071EE92A290049EE47 /* TablePickerDelegate.swift */; };
		AA49EBCC1ECC55AF008A615F /* AppDelegate.swift in Sources */ = {isa = PBXBuildFile; fileRef = AA49EBCB1ECC55AF008A615F /* AppDelegate.swift */; };
		AA49EBCE1ECC55AF008A615F /* ViewController.swift in Sources */ = {isa = PBXBuildFile; fileRef = AA49EBCD1ECC55AF008A615F /* ViewController.swift */; };
		AA49EBD11ECC55AF008A615F /* Main.storyboard in Resources */ = {isa = PBXBuildFile; fileRef = AA49EBCF1ECC55AF008A615F /* Main.storyboard */; };
		AA49EBD31ECC55AF008A615F /* Assets.xcassets in Resources */ = {isa = PBXBuildFile; fileRef = AA49EBD21ECC55AF008A615F /* Assets.xcassets */; };
		AA49EBD61ECC55AF008A615F /* LaunchScreen.storyboard in Resources */ = {isa = PBXBuildFile; fileRef = AA49EBD41ECC55AF008A615F /* LaunchScreen.storyboard */; };
		AA49EBE11ECC55AF008A615F /* OrderGridTests.swift in Sources */ = {isa = PBXBuildFile; fileRef = AA49EBE01ECC55AF008A615F /* OrderGridTests.swift */; };
		AA49EBEC1ECC55AF008A615F /* OrderGridUITests.swift in Sources */ = {isa = PBXBuildFile; fileRef = AA49EBEB1ECC55AF008A615F /* OrderGridUITests.swift */; };
		AA59BEC71EFA87130027BC82 /* FirebaseStorageController.swift in Sources */ = {isa = PBXBuildFile; fileRef = AA59BEC61EFA87130027BC82 /* FirebaseStorageController.swift */; };
		AA59BECB1EFA97730027BC82 /* MenueItem.swift in Sources */ = {isa = PBXBuildFile; fileRef = AA59BECA1EFA97730027BC82 /* MenueItem.swift */; };
		AA59BECD1EFA9AB10027BC82 /* FirebaseMenueModel.swift in Sources */ = {isa = PBXBuildFile; fileRef = AA59BECC1EFA9AB10027BC82 /* FirebaseMenueModel.swift */; };
		AA59BED11EFAA0DF0027BC82 /* MenueDataSource.swift in Sources */ = {isa = PBXBuildFile; fileRef = AA59BED01EFAA0DF0027BC82 /* MenueDataSource.swift */; };
		AA8046901EFAAA1700C7DD4B /* MenueDelegate.swift in Sources */ = {isa = PBXBuildFile; fileRef = AA80468F1EFAAA1700C7DD4B /* MenueDelegate.swift */; };
		AA9355181EF1443D00DA1876 /* MyOrderViewController.swift in Sources */ = {isa = PBXBuildFile; fileRef = AA9355171EF1443D00DA1876 /* MyOrderViewController.swift */; };
		AA93551D1EF1900500DA1876 /* OrderCell.swift in Sources */ = {isa = PBXBuildFile; fileRef = AA93551C1EF1900500DA1876 /* OrderCell.swift */; };
		AAA4810D1EDEC04500F8B33B /* OrderCollectionViewCell.swift in Sources */ = {isa = PBXBuildFile; fileRef = AAA4810C1EDEC04500F8B33B /* OrderCollectionViewCell.swift */; };
		AAA481151EDEEC6600F8B33B /* FirebaseRDModel.swift in Sources */ = {isa = PBXBuildFile; fileRef = AAA481141EDEEC6600F8B33B /* FirebaseRDModel.swift */; };
		AAA481181EDEF70000F8B33B /* FirebasePushController.swift in Sources */ = {isa = PBXBuildFile; fileRef = AAA481171EDEF70000F8B33B /* FirebasePushController.swift */; };
		AAEDD0F21ED48BBB00E8339D /* OrderItem.swift in Sources */ = {isa = PBXBuildFile; fileRef = AAEDD0F11ED48BBB00E8339D /* OrderItem.swift */; };
		F523A2A8A657CE5A2704C502 /* Pods_OrderGrid.framework in Frameworks */ = {isa = PBXBuildFile; fileRef = 423D81C3878B77CF591B60F1 /* Pods_OrderGrid.framework */; };
/* End PBXBuildFile section */

/* Begin PBXContainerItemProxy section */
		AA49EBDD1ECC55AF008A615F /* PBXContainerItemProxy */ = {
			isa = PBXContainerItemProxy;
			containerPortal = AA49EBC01ECC55AF008A615F /* Project object */;
			proxyType = 1;
			remoteGlobalIDString = AA49EBC71ECC55AF008A615F;
			remoteInfo = OrderGrid;
		};
		AA49EBE81ECC55AF008A615F /* PBXContainerItemProxy */ = {
			isa = PBXContainerItemProxy;
			containerPortal = AA49EBC01ECC55AF008A615F /* Project object */;
			proxyType = 1;
			remoteGlobalIDString = AA49EBC71ECC55AF008A615F;
			remoteInfo = OrderGrid;
		};
/* End PBXContainerItemProxy section */

/* Begin PBXFileReference section */
		0D19412846002B2F80BC4D54 /* Pods-OrderGridUITests.release.xcconfig */ = {isa = PBXFileReference; includeInIndex = 1; lastKnownFileType = text.xcconfig; name = "Pods-OrderGridUITests.release.xcconfig"; path = "Pods/Target Support Files/Pods-OrderGridUITests/Pods-OrderGridUITests.release.xcconfig"; sourceTree = "<group>"; };
		1E5F211115F20A052B22C66C /* Pods-OrderGrid.debug.xcconfig */ = {isa = PBXFileReference; includeInIndex = 1; lastKnownFileType = text.xcconfig; name = "Pods-OrderGrid.debug.xcconfig"; path = "Pods/Target Support Files/Pods-OrderGrid/Pods-OrderGrid.debug.xcconfig"; sourceTree = "<group>"; };
		423D81C3878B77CF591B60F1 /* Pods_OrderGrid.framework */ = {isa = PBXFileReference; explicitFileType = wrapper.framework; includeInIndex = 0; path = Pods_OrderGrid.framework; sourceTree = BUILT_PRODUCTS_DIR; };
		6C7FB5FEBF10BFB1D2DBD4FC /* Pods-OrderGrid.release.xcconfig */ = {isa = PBXFileReference; includeInIndex = 1; lastKnownFileType = text.xcconfig; name = "Pods-OrderGrid.release.xcconfig"; path = "Pods/Target Support Files/Pods-OrderGrid/Pods-OrderGrid.release.xcconfig"; sourceTree = "<group>"; };
		75777E728D007AEDE79564DF /* Pods_OrderGridUITests.framework */ = {isa = PBXFileReference; explicitFileType = wrapper.framework; includeInIndex = 0; path = Pods_OrderGridUITests.framework; sourceTree = BUILT_PRODUCTS_DIR; };
		99350BBBCEF09B97C9A02607 /* Pods_OrderGridTests.framework */ = {isa = PBXFileReference; explicitFileType = wrapper.framework; includeInIndex = 0; path = Pods_OrderGridTests.framework; sourceTree = BUILT_PRODUCTS_DIR; };
		AA147EFE1EF927AC00BF9509 /* OrderDataSource.swift */ = {isa = PBXFileReference; fileEncoding = 4; lastKnownFileType = sourcecode.swift; path = OrderDataSource.swift; sourceTree = "<group>"; };
		AA147F001EF927BC00BF9509 /* OrderDelegate.swift */ = {isa = PBXFileReference; fileEncoding = 4; lastKnownFileType = sourcecode.swift; path = OrderDelegate.swift; sourceTree = "<group>"; };
		AA1D2CBB1F044D250049E01F /* EuroFormatter.swift */ = {isa = PBXFileReference; fileEncoding = 4; lastKnownFileType = sourcecode.swift; path = EuroFormatter.swift; sourceTree = "<group>"; };
		AA2F4E001EE920190049EE47 /* GoogleService-Info.plist */ = {isa = PBXFileReference; fileEncoding = 4; lastKnownFileType = text.plist.xml; path = "GoogleService-Info.plist"; sourceTree = SOURCE_ROOT; };
		AA2F4E051EE92A100049EE47 /* TablePickerDataSource.swift */ = {isa = PBXFileReference; fileEncoding = 4; lastKnownFileType = sourcecode.swift; path = TablePickerDataSource.swift; sourceTree = "<group>"; };
		AA2F4E071EE92A290049EE47 /* TablePickerDelegate.swift */ = {isa = PBXFileReference; fileEncoding = 4; lastKnownFileType = sourcecode.swift; path = TablePickerDelegate.swift; sourceTree = "<group>"; };
		AA49EBC81ECC55AF008A615F /* OrderGrid.app */ = {isa = PBXFileReference; explicitFileType = wrapper.application; includeInIndex = 0; path = OrderGrid.app; sourceTree = BUILT_PRODUCTS_DIR; };
		AA49EBCB1ECC55AF008A615F /* AppDelegate.swift */ = {isa = PBXFileReference; lastKnownFileType = sourcecode.swift; path = AppDelegate.swift; sourceTree = "<group>"; };
		AA49EBCD1ECC55AF008A615F /* ViewController.swift */ = {isa = PBXFileReference; lastKnownFileType = sourcecode.swift; path = ViewController.swift; sourceTree = "<group>"; };
		AA49EBD01ECC55AF008A615F /* Base */ = {isa = PBXFileReference; lastKnownFileType = file.storyboard; name = Base; path = Base.lproj/Main.storyboard; sourceTree = "<group>"; };
		AA49EBD21ECC55AF008A615F /* Assets.xcassets */ = {isa = PBXFileReference; lastKnownFileType = folder.assetcatalog; path = Assets.xcassets; sourceTree = "<group>"; };
		AA49EBD51ECC55AF008A615F /* Base */ = {isa = PBXFileReference; lastKnownFileType = file.storyboard; name = Base; path = Base.lproj/LaunchScreen.storyboard; sourceTree = "<group>"; };
		AA49EBD71ECC55AF008A615F /* Info.plist */ = {isa = PBXFileReference; lastKnownFileType = text.plist.xml; path = Info.plist; sourceTree = "<group>"; };
		AA49EBDC1ECC55AF008A615F /* OrderGridTests.xctest */ = {isa = PBXFileReference; explicitFileType = wrapper.cfbundle; includeInIndex = 0; path = OrderGridTests.xctest; sourceTree = BUILT_PRODUCTS_DIR; };
		AA49EBE01ECC55AF008A615F /* OrderGridTests.swift */ = {isa = PBXFileReference; lastKnownFileType = sourcecode.swift; path = OrderGridTests.swift; sourceTree = "<group>"; };
		AA49EBE21ECC55AF008A615F /* Info.plist */ = {isa = PBXFileReference; lastKnownFileType = text.plist.xml; path = Info.plist; sourceTree = "<group>"; };
		AA49EBE71ECC55AF008A615F /* OrderGridUITests.xctest */ = {isa = PBXFileReference; explicitFileType = wrapper.cfbundle; includeInIndex = 0; path = OrderGridUITests.xctest; sourceTree = BUILT_PRODUCTS_DIR; };
		AA49EBEB1ECC55AF008A615F /* OrderGridUITests.swift */ = {isa = PBXFileReference; lastKnownFileType = sourcecode.swift; path = OrderGridUITests.swift; sourceTree = "<group>"; };
		AA49EBED1ECC55AF008A615F /* Info.plist */ = {isa = PBXFileReference; lastKnownFileType = text.plist.xml; path = Info.plist; sourceTree = "<group>"; };
		AA59BEC61EFA87130027BC82 /* FirebaseStorageController.swift */ = {isa = PBXFileReference; fileEncoding = 4; lastKnownFileType = sourcecode.swift; path = FirebaseStorageController.swift; sourceTree = "<group>"; };
		AA59BECA1EFA97730027BC82 /* MenueItem.swift */ = {isa = PBXFileReference; fileEncoding = 4; lastKnownFileType = sourcecode.swift; path = MenueItem.swift; sourceTree = "<group>"; };
		AA59BECC1EFA9AB10027BC82 /* FirebaseMenueModel.swift */ = {isa = PBXFileReference; fileEncoding = 4; lastKnownFileType = sourcecode.swift; path = FirebaseMenueModel.swift; sourceTree = "<group>"; };
		AA59BED01EFAA0DF0027BC82 /* MenueDataSource.swift */ = {isa = PBXFileReference; fileEncoding = 4; lastKnownFileType = sourcecode.swift; path = MenueDataSource.swift; sourceTree = "<group>"; };
		AA80468F1EFAAA1700C7DD4B /* MenueDelegate.swift */ = {isa = PBXFileReference; fileEncoding = 4; lastKnownFileType = sourcecode.swift; path = MenueDelegate.swift; sourceTree = "<group>"; };
		AA9355171EF1443D00DA1876 /* MyOrderViewController.swift */ = {isa = PBXFileReference; fileEncoding = 4; lastKnownFileType = sourcecode.swift; path = MyOrderViewController.swift; sourceTree = "<group>"; };
		AA93551C1EF1900500DA1876 /* OrderCell.swift */ = {isa = PBXFileReference; fileEncoding = 4; lastKnownFileType = sourcecode.swift; path = OrderCell.swift; sourceTree = "<group>"; };
		AAA4810C1EDEC04500F8B33B /* OrderCollectionViewCell.swift */ = {isa = PBXFileReference; fileEncoding = 4; lastKnownFileType = sourcecode.swift; path = OrderCollectionViewCell.swift; sourceTree = "<group>"; };
		AAA481141EDEEC6600F8B33B /* FirebaseRDModel.swift */ = {isa = PBXFileReference; fileEncoding = 4; lastKnownFileType = sourcecode.swift; path = FirebaseRDModel.swift; sourceTree = "<group>"; };
		AAA481171EDEF70000F8B33B /* FirebasePushController.swift */ = {isa = PBXFileReference; fileEncoding = 4; lastKnownFileType = sourcecode.swift; path = FirebasePushController.swift; sourceTree = "<group>"; };
		AAEDD0F11ED48BBB00E8339D /* OrderItem.swift */ = {isa = PBXFileReference; fileEncoding = 4; lastKnownFileType = sourcecode.swift; path = OrderItem.swift; sourceTree = "<group>"; };
		DA06D2E2A1DC69F42E49CA8A /* Pods-OrderGridUITests.debug.xcconfig */ = {isa = PBXFileReference; includeInIndex = 1; lastKnownFileType = text.xcconfig; name = "Pods-OrderGridUITests.debug.xcconfig"; path = "Pods/Target Support Files/Pods-OrderGridUITests/Pods-OrderGridUITests.debug.xcconfig"; sourceTree = "<group>"; };
		E50811A2E47936DA3F9459B4 /* Pods-OrderGridTests.release.xcconfig */ = {isa = PBXFileReference; includeInIndex = 1; lastKnownFileType = text.xcconfig; name = "Pods-OrderGridTests.release.xcconfig"; path = "Pods/Target Support Files/Pods-OrderGridTests/Pods-OrderGridTests.release.xcconfig"; sourceTree = "<group>"; };
		E601DEBDC603A13A3B9C9550 /* Pods-OrderGridTests.debug.xcconfig */ = {isa = PBXFileReference; includeInIndex = 1; lastKnownFileType = text.xcconfig; name = "Pods-OrderGridTests.debug.xcconfig"; path = "Pods/Target Support Files/Pods-OrderGridTests/Pods-OrderGridTests.debug.xcconfig"; sourceTree = "<group>"; };
/* End PBXFileReference section */

/* Begin PBXFrameworksBuildPhase section */
		AA49EBC51ECC55AF008A615F /* Frameworks */ = {
			isa = PBXFrameworksBuildPhase;
			buildActionMask = 2147483647;
			files = (
				F523A2A8A657CE5A2704C502 /* Pods_OrderGrid.framework in Frameworks */,
			);
			runOnlyForDeploymentPostprocessing = 0;
		};
		AA49EBD91ECC55AF008A615F /* Frameworks */ = {
			isa = PBXFrameworksBuildPhase;
			buildActionMask = 2147483647;
			files = (
				6D78CF04A73E9152D85D1C42 /* Pods_OrderGridTests.framework in Frameworks */,
			);
			runOnlyForDeploymentPostprocessing = 0;
		};
		AA49EBE41ECC55AF008A615F /* Frameworks */ = {
			isa = PBXFrameworksBuildPhase;
			buildActionMask = 2147483647;
			files = (
				3679073724A5F8F08D8AA6C9 /* Pods_OrderGridUITests.framework in Frameworks */,
			);
			runOnlyForDeploymentPostprocessing = 0;
		};
/* End PBXFrameworksBuildPhase section */

/* Begin PBXGroup section */
		0359F12E116357349AFD4466 /* Frameworks */ = {
			isa = PBXGroup;
			children = (
				423D81C3878B77CF591B60F1 /* Pods_OrderGrid.framework */,
				99350BBBCEF09B97C9A02607 /* Pods_OrderGridTests.framework */,
				75777E728D007AEDE79564DF /* Pods_OrderGridUITests.framework */,
			);
			name = Frameworks;
			sourceTree = "<group>";
		};
		AA2F4E041EE9295F0049EE47 /* TablePicker */ = {
			isa = PBXGroup;
			children = (
				AA2F4E051EE92A100049EE47 /* TablePickerDataSource.swift */,
				AA2F4E071EE92A290049EE47 /* TablePickerDelegate.swift */,
			);
			name = TablePicker;
			sourceTree = "<group>";
		};
		AA49EBBF1ECC55AF008A615F = {
			isa = PBXGroup;
			children = (
				AA49EBCA1ECC55AF008A615F /* OrderGrid */,
				AA49EBDF1ECC55AF008A615F /* OrderGridTests */,
				AA49EBEA1ECC55AF008A615F /* OrderGridUITests */,
				AA49EBC91ECC55AF008A615F /* Products */,
				BE9A26667ECD034A39C4B5DB /* Pods */,
				0359F12E116357349AFD4466 /* Frameworks */,
			);
			sourceTree = "<group>";
		};
		AA49EBC91ECC55AF008A615F /* Products */ = {
			isa = PBXGroup;
			children = (
				AA49EBC81ECC55AF008A615F /* OrderGrid.app */,
				AA49EBDC1ECC55AF008A615F /* OrderGridTests.xctest */,
				AA49EBE71ECC55AF008A615F /* OrderGridUITests.xctest */,
			);
			name = Products;
			sourceTree = "<group>";
		};
		AA49EBCA1ECC55AF008A615F /* OrderGrid */ = {
			isa = PBXGroup;
			children = (
				AA9355161EF1433700DA1876 /* MyOrders */,
				AA2F4E041EE9295F0049EE47 /* TablePicker */,
				AAA481161EDEF66F00F8B33B /* Controllers */,
				AAA4810B1EDEC02C00F8B33B /* Menue */,
				AAEDD0F01ED48BA000E8339D /* OrderModel */,
				AA49EBCB1ECC55AF008A615F /* AppDelegate.swift */,
				AA2F4E001EE920190049EE47 /* GoogleService-Info.plist */,
				AA49EBCF1ECC55AF008A615F /* Main.storyboard */,
				AA49EBD21ECC55AF008A615F /* Assets.xcassets */,
				AA49EBD41ECC55AF008A615F /* LaunchScreen.storyboard */,
				AA49EBD71ECC55AF008A615F /* Info.plist */,
			);
			path = OrderGrid;
			sourceTree = "<group>";
		};
		AA49EBDF1ECC55AF008A615F /* OrderGridTests */ = {
			isa = PBXGroup;
			children = (
				AA49EBE01ECC55AF008A615F /* OrderGridTests.swift */,
				AA49EBE21ECC55AF008A615F /* Info.plist */,
			);
			path = OrderGridTests;
			sourceTree = "<group>";
		};
		AA49EBEA1ECC55AF008A615F /* OrderGridUITests */ = {
			isa = PBXGroup;
			children = (
				AA49EBEB1ECC55AF008A615F /* OrderGridUITests.swift */,
				AA49EBED1ECC55AF008A615F /* Info.plist */,
			);
			path = OrderGridUITests;
			sourceTree = "<group>";
		};
		AA59BEC91EFA97630027BC82 /* Model */ = {
			isa = PBXGroup;
			children = (
				AA59BECA1EFA97730027BC82 /* MenueItem.swift */,
				AA59BECC1EFA9AB10027BC82 /* FirebaseMenueModel.swift */,
			);
			name = Model;
			sourceTree = "<group>";
		};
		AA59BECF1EFAA0240027BC82 /* MenueCollectionView */ = {
			isa = PBXGroup;
			children = (
				AAA4810C1EDEC04500F8B33B /* OrderCollectionViewCell.swift */,
				AA59BED01EFAA0DF0027BC82 /* MenueDataSource.swift */,
				AA80468F1EFAAA1700C7DD4B /* MenueDelegate.swift */,
			);
			name = MenueCollectionView;
			sourceTree = "<group>";
		};
		AA9355161EF1433700DA1876 /* MyOrders */ = {
			isa = PBXGroup;
			children = (
				AA93551B1EF17B7600DA1876 /* MyOrderTableView */,
				AA9355171EF1443D00DA1876 /* MyOrderViewController.swift */,
			);
			name = MyOrders;
			sourceTree = "<group>";
		};
		AA93551B1EF17B7600DA1876 /* MyOrderTableView */ = {
			isa = PBXGroup;
			children = (
				AA93551C1EF1900500DA1876 /* OrderCell.swift */,
				AA147EFE1EF927AC00BF9509 /* OrderDataSource.swift */,
				AA147F001EF927BC00BF9509 /* OrderDelegate.swift */,
			);
			name = MyOrderTableView;
			sourceTree = "<group>";
		};
		AAA4810B1EDEC02C00F8B33B /* Menue */ = {
			isa = PBXGroup;
			children = (
				AA59BECF1EFAA0240027BC82 /* MenueCollectionView */,
				AA59BEC91EFA97630027BC82 /* Model */,
				AA49EBCD1ECC55AF008A615F /* ViewController.swift */,
			);
			name = Menue;
			sourceTree = "<group>";
		};
		AAA481161EDEF66F00F8B33B /* Controllers */ = {
			isa = PBXGroup;
			children = (
				AAA481171EDEF70000F8B33B /* FirebasePushController.swift */,
				AA59BEC61EFA87130027BC82 /* FirebaseStorageController.swift */,
				AA1D2CBB1F044D250049E01F /* EuroFormatter.swift */,
			);
			name = Controllers;
			sourceTree = "<group>";
		};
		AAEDD0F01ED48BA000E8339D /* OrderModel */ = {
			isa = PBXGroup;
			children = (
				AAEDD0F11ED48BBB00E8339D /* OrderItem.swift */,
				AAA481141EDEEC6600F8B33B /* FirebaseRDModel.swift */,
			);
			name = OrderModel;
			sourceTree = "<group>";
		};
		BE9A26667ECD034A39C4B5DB /* Pods */ = {
			isa = PBXGroup;
			children = (
				1E5F211115F20A052B22C66C /* Pods-OrderGrid.debug.xcconfig */,
				6C7FB5FEBF10BFB1D2DBD4FC /* Pods-OrderGrid.release.xcconfig */,
				E601DEBDC603A13A3B9C9550 /* Pods-OrderGridTests.debug.xcconfig */,
				E50811A2E47936DA3F9459B4 /* Pods-OrderGridTests.release.xcconfig */,
				DA06D2E2A1DC69F42E49CA8A /* Pods-OrderGridUITests.debug.xcconfig */,
				0D19412846002B2F80BC4D54 /* Pods-OrderGridUITests.release.xcconfig */,
			);
			name = Pods;
			sourceTree = "<group>";
		};
/* End PBXGroup section */

/* Begin PBXNativeTarget section */
		AA49EBC71ECC55AF008A615F /* OrderGrid */ = {
			isa = PBXNativeTarget;
			buildConfigurationList = AA49EBF01ECC55AF008A615F /* Build configuration list for PBXNativeTarget "OrderGrid" */;
			buildPhases = (
				DE602C60B3B07F95C79CE9B2 /* [CP] Check Pods Manifest.lock */,
				AA49EBC41ECC55AF008A615F /* Sources */,
				AA49EBC51ECC55AF008A615F /* Frameworks */,
				AA49EBC61ECC55AF008A615F /* Resources */,
				689554D660E79E0274FA53E4 /* [CP] Embed Pods Frameworks */,
				CFD429EB1B773F3527936974 /* [CP] Copy Pods Resources */,
			);
			buildRules = (
			);
			dependencies = (
			);
			name = OrderGrid;
			productName = OrderGrid;
			productReference = AA49EBC81ECC55AF008A615F /* OrderGrid.app */;
			productType = "com.apple.product-type.application";
		};
		AA49EBDB1ECC55AF008A615F /* OrderGridTests */ = {
			isa = PBXNativeTarget;
			buildConfigurationList = AA49EBF31ECC55AF008A615F /* Build configuration list for PBXNativeTarget "OrderGridTests" */;
			buildPhases = (
				CE7E4F97550A2F3603DD151D /* [CP] Check Pods Manifest.lock */,
				AA49EBD81ECC55AF008A615F /* Sources */,
				AA49EBD91ECC55AF008A615F /* Frameworks */,
				AA49EBDA1ECC55AF008A615F /* Resources */,
				F35CBABF9877DA3D74252910 /* [CP] Embed Pods Frameworks */,
				34DFF40230E867F05D13BAF1 /* [CP] Copy Pods Resources */,
			);
			buildRules = (
			);
			dependencies = (
				AA49EBDE1ECC55AF008A615F /* PBXTargetDependency */,
			);
			name = OrderGridTests;
			productName = OrderGridTests;
			productReference = AA49EBDC1ECC55AF008A615F /* OrderGridTests.xctest */;
			productType = "com.apple.product-type.bundle.unit-test";
		};
		AA49EBE61ECC55AF008A615F /* OrderGridUITests */ = {
			isa = PBXNativeTarget;
			buildConfigurationList = AA49EBF61ECC55AF008A615F /* Build configuration list for PBXNativeTarget "OrderGridUITests" */;
			buildPhases = (
				93F2C581F30F50EDD2B03E44 /* [CP] Check Pods Manifest.lock */,
				AA49EBE31ECC55AF008A615F /* Sources */,
				AA49EBE41ECC55AF008A615F /* Frameworks */,
				AA49EBE51ECC55AF008A615F /* Resources */,
				34BAA8D355F9BA91A106C8F7 /* [CP] Embed Pods Frameworks */,
				ADF142BD1EA305FF78C52E27 /* [CP] Copy Pods Resources */,
			);
			buildRules = (
			);
			dependencies = (
				AA49EBE91ECC55AF008A615F /* PBXTargetDependency */,
			);
			name = OrderGridUITests;
			productName = OrderGridUITests;
			productReference = AA49EBE71ECC55AF008A615F /* OrderGridUITests.xctest */;
			productType = "com.apple.product-type.bundle.ui-testing";
		};
/* End PBXNativeTarget section */

/* Begin PBXProject section */
		AA49EBC01ECC55AF008A615F /* Project object */ = {
			isa = PBXProject;
			attributes = {
				LastSwiftUpdateCheck = 0830;
				LastUpgradeCheck = 0830;
				ORGANIZATIONNAME = "Christian Pfeiffer";
				TargetAttributes = {
					AA49EBC71ECC55AF008A615F = {
						CreatedOnToolsVersion = 8.3.2;
						DevelopmentTeam = 5H5DB854MQ;
						ProvisioningStyle = Automatic;
					};
					AA49EBDB1ECC55AF008A615F = {
						CreatedOnToolsVersion = 8.3.2;
						DevelopmentTeam = 5H5DB854MQ;
						ProvisioningStyle = Automatic;
						TestTargetID = AA49EBC71ECC55AF008A615F;
					};
					AA49EBE61ECC55AF008A615F = {
						CreatedOnToolsVersion = 8.3.2;
						DevelopmentTeam = 5H5DB854MQ;
						ProvisioningStyle = Automatic;
						TestTargetID = AA49EBC71ECC55AF008A615F;
					};
				};
			};
			buildConfigurationList = AA49EBC31ECC55AF008A615F /* Build configuration list for PBXProject "OrderGrid" */;
			compatibilityVersion = "Xcode 3.2";
			developmentRegion = English;
			hasScannedForEncodings = 0;
			knownRegions = (
				en,
				Base,
			);
			mainGroup = AA49EBBF1ECC55AF008A615F;
			productRefGroup = AA49EBC91ECC55AF008A615F /* Products */;
			projectDirPath = "";
			projectRoot = "";
			targets = (
				AA49EBC71ECC55AF008A615F /* OrderGrid */,
				AA49EBDB1ECC55AF008A615F /* OrderGridTests */,
				AA49EBE61ECC55AF008A615F /* OrderGridUITests */,
			);
		};
/* End PBXProject section */

/* Begin PBXResourcesBuildPhase section */
		AA49EBC61ECC55AF008A615F /* Resources */ = {
			isa = PBXResourcesBuildPhase;
			buildActionMask = 2147483647;
			files = (
				AA49EBD61ECC55AF008A615F /* LaunchScreen.storyboard in Resources */,
				AA2F4E011EE920190049EE47 /* GoogleService-Info.plist in Resources */,
				AA49EBD31ECC55AF008A615F /* Assets.xcassets in Resources */,
				AA49EBD11ECC55AF008A615F /* Main.storyboard in Resources */,
			);
			runOnlyForDeploymentPostprocessing = 0;
		};
		AA49EBDA1ECC55AF008A615F /* Resources */ = {
			isa = PBXResourcesBuildPhase;
			buildActionMask = 2147483647;
			files = (
			);
			runOnlyForDeploymentPostprocessing = 0;
		};
		AA49EBE51ECC55AF008A615F /* Resources */ = {
			isa = PBXResourcesBuildPhase;
			buildActionMask = 2147483647;
			files = (
			);
			runOnlyForDeploymentPostprocessing = 0;
		};
/* End PBXResourcesBuildPhase section */

/* Begin PBXShellScriptBuildPhase section */
		34BAA8D355F9BA91A106C8F7 /* [CP] Embed Pods Frameworks */ = {
			isa = PBXShellScriptBuildPhase;
			buildActionMask = 2147483647;
			files = (
			);
			inputPaths = (
			);
			name = "[CP] Embed Pods Frameworks";
			outputPaths = (
			);
			runOnlyForDeploymentPostprocessing = 0;
			shellPath = /bin/sh;
			shellScript = "\"${SRCROOT}/Pods/Target Support Files/Pods-OrderGridUITests/Pods-OrderGridUITests-frameworks.sh\"\n";
			showEnvVarsInLog = 0;
		};
		34DFF40230E867F05D13BAF1 /* [CP] Copy Pods Resources */ = {
			isa = PBXShellScriptBuildPhase;
			buildActionMask = 2147483647;
			files = (
			);
			inputPaths = (
			);
			name = "[CP] Copy Pods Resources";
			outputPaths = (
			);
			runOnlyForDeploymentPostprocessing = 0;
			shellPath = /bin/sh;
			shellScript = "\"${SRCROOT}/Pods/Target Support Files/Pods-OrderGridTests/Pods-OrderGridTests-resources.sh\"\n";
			showEnvVarsInLog = 0;
		};
		689554D660E79E0274FA53E4 /* [CP] Embed Pods Frameworks */ = {
			isa = PBXShellScriptBuildPhase;
			buildActionMask = 2147483647;
			files = (
			);
			inputPaths = (
			);
			name = "[CP] Embed Pods Frameworks";
			outputPaths = (
			);
			runOnlyForDeploymentPostprocessing = 0;
			shellPath = /bin/sh;
			shellScript = "\"${SRCROOT}/Pods/Target Support Files/Pods-OrderGrid/Pods-OrderGrid-frameworks.sh\"\n";
			showEnvVarsInLog = 0;
		};
		93F2C581F30F50EDD2B03E44 /* [CP] Check Pods Manifest.lock */ = {
			isa = PBXShellScriptBuildPhase;
			buildActionMask = 2147483647;
			files = (
			);
			inputPaths = (
			);
			name = "[CP] Check Pods Manifest.lock";
			outputPaths = (
			);
			runOnlyForDeploymentPostprocessing = 0;
			shellPath = /bin/sh;
			shellScript = "diff \"${PODS_PODFILE_DIR_PATH}/Podfile.lock\" \"${PODS_ROOT}/Manifest.lock\" > /dev/null\nif [ $? != 0 ] ; then\n    # print error to STDERR\n    echo \"error: The sandbox is not in sync with the Podfile.lock. Run 'pod install' or update your CocoaPods installation.\" >&2\n    exit 1\nfi\n";
			showEnvVarsInLog = 0;
		};
		ADF142BD1EA305FF78C52E27 /* [CP] Copy Pods Resources */ = {
			isa = PBXShellScriptBuildPhase;
			buildActionMask = 2147483647;
			files = (
			);
			inputPaths = (
			);
			name = "[CP] Copy Pods Resources";
			outputPaths = (
			);
			runOnlyForDeploymentPostprocessing = 0;
			shellPath = /bin/sh;
			shellScript = "\"${SRCROOT}/Pods/Target Support Files/Pods-OrderGridUITests/Pods-OrderGridUITests-resources.sh\"\n";
			showEnvVarsInLog = 0;
		};
		CE7E4F97550A2F3603DD151D /* [CP] Check Pods Manifest.lock */ = {
			isa = PBXShellScriptBuildPhase;
			buildActionMask = 2147483647;
			files = (
			);
			inputPaths = (
			);
			name = "[CP] Check Pods Manifest.lock";
			outputPaths = (
			);
			runOnlyForDeploymentPostprocessing = 0;
			shellPath = /bin/sh;
			shellScript = "diff \"${PODS_PODFILE_DIR_PATH}/Podfile.lock\" \"${PODS_ROOT}/Manifest.lock\" > /dev/null\nif [ $? != 0 ] ; then\n    # print error to STDERR\n    echo \"error: The sandbox is not in sync with the Podfile.lock. Run 'pod install' or update your CocoaPods installation.\" >&2\n    exit 1\nfi\n";
			showEnvVarsInLog = 0;
		};
		CFD429EB1B773F3527936974 /* [CP] Copy Pods Resources */ = {
			isa = PBXShellScriptBuildPhase;
			buildActionMask = 2147483647;
			files = (
			);
			inputPaths = (
			);
			name = "[CP] Copy Pods Resources";
			outputPaths = (
			);
			runOnlyForDeploymentPostprocessing = 0;
			shellPath = /bin/sh;
			shellScript = "\"${SRCROOT}/Pods/Target Support Files/Pods-OrderGrid/Pods-OrderGrid-resources.sh\"\n";
			showEnvVarsInLog = 0;
		};
		DE602C60B3B07F95C79CE9B2 /* [CP] Check Pods Manifest.lock */ = {
			isa = PBXShellScriptBuildPhase;
			buildActionMask = 2147483647;
			files = (
			);
			inputPaths = (
			);
			name = "[CP] Check Pods Manifest.lock";
			outputPaths = (
			);
			runOnlyForDeploymentPostprocessing = 0;
			shellPath = /bin/sh;
			shellScript = "diff \"${PODS_PODFILE_DIR_PATH}/Podfile.lock\" \"${PODS_ROOT}/Manifest.lock\" > /dev/null\nif [ $? != 0 ] ; then\n    # print error to STDERR\n    echo \"error: The sandbox is not in sync with the Podfile.lock. Run 'pod install' or update your CocoaPods installation.\" >&2\n    exit 1\nfi\n";
			showEnvVarsInLog = 0;
		};
		F35CBABF9877DA3D74252910 /* [CP] Embed Pods Frameworks */ = {
			isa = PBXShellScriptBuildPhase;
			buildActionMask = 2147483647;
			files = (
			);
			inputPaths = (
			);
			name = "[CP] Embed Pods Frameworks";
			outputPaths = (
			);
			runOnlyForDeploymentPostprocessing = 0;
			shellPath = /bin/sh;
			shellScript = "\"${SRCROOT}/Pods/Target Support Files/Pods-OrderGridTests/Pods-OrderGridTests-frameworks.sh\"\n";
			showEnvVarsInLog = 0;
		};
/* End PBXShellScriptBuildPhase section */

/* Begin PBXSourcesBuildPhase section */
		AA49EBC41ECC55AF008A615F /* Sources */ = {
			isa = PBXSourcesBuildPhase;
			buildActionMask = 2147483647;
			files = (
				AA59BECD1EFA9AB10027BC82 /* FirebaseMenueModel.swift in Sources */,
				AAA481181EDEF70000F8B33B /* FirebasePushController.swift in Sources */,
				AA59BECB1EFA97730027BC82 /* MenueItem.swift in Sources */,
				AA49EBCE1ECC55AF008A615F /* ViewController.swift in Sources */,
				AA93551D1EF1900500DA1876 /* OrderCell.swift in Sources */,
				AA59BED11EFAA0DF0027BC82 /* MenueDataSource.swift in Sources */,
				AA49EBCC1ECC55AF008A615F /* AppDelegate.swift in Sources */,
				AA2F4E061EE92A100049EE47 /* TablePickerDataSource.swift in Sources */,
				AA9355181EF1443D00DA1876 /* MyOrderViewController.swift in Sources */,
				AA8046901EFAAA1700C7DD4B /* MenueDelegate.swift in Sources */,
				AAA481151EDEEC6600F8B33B /* FirebaseRDModel.swift in Sources */,
				AA1D2CBC1F044D250049E01F /* EuroFormatter.swift in Sources */,
				AA147EFF1EF927AC00BF9509 /* OrderDataSource.swift in Sources */,
				AA2F4E081EE92A290049EE47 /* TablePickerDelegate.swift in Sources */,
				AA147F011EF927BC00BF9509 /* OrderDelegate.swift in Sources */,
				AA59BEC71EFA87130027BC82 /* FirebaseStorageController.swift in Sources */,
				AAA4810D1EDEC04500F8B33B /* OrderCollectionViewCell.swift in Sources */,
				AAEDD0F21ED48BBB00E8339D /* OrderItem.swift in Sources */,
			);
			runOnlyForDeploymentPostprocessing = 0;
		};
		AA49EBD81ECC55AF008A615F /* Sources */ = {
			isa = PBXSourcesBuildPhase;
			buildActionMask = 2147483647;
			files = (
				AA49EBE11ECC55AF008A615F /* OrderGridTests.swift in Sources */,
			);
			runOnlyForDeploymentPostprocessing = 0;
		};
		AA49EBE31ECC55AF008A615F /* Sources */ = {
			isa = PBXSourcesBuildPhase;
			buildActionMask = 2147483647;
			files = (
				AA49EBEC1ECC55AF008A615F /* OrderGridUITests.swift in Sources */,
			);
			runOnlyForDeploymentPostprocessing = 0;
		};
/* End PBXSourcesBuildPhase section */

/* Begin PBXTargetDependency section */
		AA49EBDE1ECC55AF008A615F /* PBXTargetDependency */ = {
			isa = PBXTargetDependency;
			target = AA49EBC71ECC55AF008A615F /* OrderGrid */;
			targetProxy = AA49EBDD1ECC55AF008A615F /* PBXContainerItemProxy */;
		};
		AA49EBE91ECC55AF008A615F /* PBXTargetDependency */ = {
			isa = PBXTargetDependency;
			target = AA49EBC71ECC55AF008A615F /* OrderGrid */;
			targetProxy = AA49EBE81ECC55AF008A615F /* PBXContainerItemProxy */;
		};
/* End PBXTargetDependency section */

/* Begin PBXVariantGroup section */
		AA49EBCF1ECC55AF008A615F /* Main.storyboard */ = {
			isa = PBXVariantGroup;
			children = (
				AA49EBD01ECC55AF008A615F /* Base */,
			);
			name = Main.storyboard;
			sourceTree = "<group>";
		};
		AA49EBD41ECC55AF008A615F /* LaunchScreen.storyboard */ = {
			isa = PBXVariantGroup;
			children = (
				AA49EBD51ECC55AF008A615F /* Base */,
			);
			name = LaunchScreen.storyboard;
			sourceTree = "<group>";
		};
/* End PBXVariantGroup section */

/* Begin XCBuildConfiguration section */
		AA49EBEE1ECC55AF008A615F /* Debug */ = {
			isa = XCBuildConfiguration;
			buildSettings = {
				ALWAYS_SEARCH_USER_PATHS = NO;
				CLANG_ANALYZER_NONNULL = YES;
				CLANG_ANALYZER_NUMBER_OBJECT_CONVERSION = YES_AGGRESSIVE;
				CLANG_CXX_LANGUAGE_STANDARD = "gnu++0x";
				CLANG_CXX_LIBRARY = "libc++";
				CLANG_ENABLE_MODULES = YES;
				CLANG_ENABLE_OBJC_ARC = YES;
				CLANG_WARN_BOOL_CONVERSION = YES;
				CLANG_WARN_CONSTANT_CONVERSION = YES;
				CLANG_WARN_DIRECT_OBJC_ISA_USAGE = YES_ERROR;
				CLANG_WARN_DOCUMENTATION_COMMENTS = YES;
				CLANG_WARN_EMPTY_BODY = YES;
				CLANG_WARN_ENUM_CONVERSION = YES;
				CLANG_WARN_INFINITE_RECURSION = YES;
				CLANG_WARN_INT_CONVERSION = YES;
				CLANG_WARN_OBJC_ROOT_CLASS = YES_ERROR;
				CLANG_WARN_SUSPICIOUS_MOVE = YES;
				CLANG_WARN_UNREACHABLE_CODE = YES;
				CLANG_WARN__DUPLICATE_METHOD_MATCH = YES;
				"CODE_SIGN_IDENTITY[sdk=iphoneos*]" = "iPhone Developer";
				COPY_PHASE_STRIP = NO;
				DEBUG_INFORMATION_FORMAT = dwarf;
				ENABLE_STRICT_OBJC_MSGSEND = YES;
				ENABLE_TESTABILITY = YES;
				GCC_C_LANGUAGE_STANDARD = gnu99;
				GCC_DYNAMIC_NO_PIC = NO;
				GCC_NO_COMMON_BLOCKS = YES;
				GCC_OPTIMIZATION_LEVEL = 0;
				GCC_PREPROCESSOR_DEFINITIONS = (
					"DEBUG=1",
					"$(inherited)",
				);
				GCC_WARN_64_TO_32_BIT_CONVERSION = YES;
				GCC_WARN_ABOUT_RETURN_TYPE = YES_ERROR;
				GCC_WARN_UNDECLARED_SELECTOR = YES;
				GCC_WARN_UNINITIALIZED_AUTOS = YES_AGGRESSIVE;
				GCC_WARN_UNUSED_FUNCTION = YES;
				GCC_WARN_UNUSED_VARIABLE = YES;
				IPHONEOS_DEPLOYMENT_TARGET = 10.3;
				MTL_ENABLE_DEBUG_INFO = YES;
				ONLY_ACTIVE_ARCH = YES;
				SDKROOT = iphoneos;
				SWIFT_ACTIVE_COMPILATION_CONDITIONS = DEBUG;
				SWIFT_OPTIMIZATION_LEVEL = "-Onone";
				TARGETED_DEVICE_FAMILY = "1,2";
			};
			name = Debug;
		};
		AA49EBEF1ECC55AF008A615F /* Release */ = {
			isa = XCBuildConfiguration;
			buildSettings = {
				ALWAYS_SEARCH_USER_PATHS = NO;
				CLANG_ANALYZER_NONNULL = YES;
				CLANG_ANALYZER_NUMBER_OBJECT_CONVERSION = YES_AGGRESSIVE;
				CLANG_CXX_LANGUAGE_STANDARD = "gnu++0x";
				CLANG_CXX_LIBRARY = "libc++";
				CLANG_ENABLE_MODULES = YES;
				CLANG_ENABLE_OBJC_ARC = YES;
				CLANG_WARN_BOOL_CONVERSION = YES;
				CLANG_WARN_CONSTANT_CONVERSION = YES;
				CLANG_WARN_DIRECT_OBJC_ISA_USAGE = YES_ERROR;
				CLANG_WARN_DOCUMENTATION_COMMENTS = YES;
				CLANG_WARN_EMPTY_BODY = YES;
				CLANG_WARN_ENUM_CONVERSION = YES;
				CLANG_WARN_INFINITE_RECURSION = YES;
				CLANG_WARN_INT_CONVERSION = YES;
				CLANG_WARN_OBJC_ROOT_CLASS = YES_ERROR;
				CLANG_WARN_SUSPICIOUS_MOVE = YES;
				CLANG_WARN_UNREACHABLE_CODE = YES;
				CLANG_WARN__DUPLICATE_METHOD_MATCH = YES;
				"CODE_SIGN_IDENTITY[sdk=iphoneos*]" = "iPhone Developer";
				COPY_PHASE_STRIP = NO;
				DEBUG_INFORMATION_FORMAT = "dwarf-with-dsym";
				ENABLE_NS_ASSERTIONS = NO;
				ENABLE_STRICT_OBJC_MSGSEND = YES;
				GCC_C_LANGUAGE_STANDARD = gnu99;
				GCC_NO_COMMON_BLOCKS = YES;
				GCC_WARN_64_TO_32_BIT_CONVERSION = YES;
				GCC_WARN_ABOUT_RETURN_TYPE = YES_ERROR;
				GCC_WARN_UNDECLARED_SELECTOR = YES;
				GCC_WARN_UNINITIALIZED_AUTOS = YES_AGGRESSIVE;
				GCC_WARN_UNUSED_FUNCTION = YES;
				GCC_WARN_UNUSED_VARIABLE = YES;
				IPHONEOS_DEPLOYMENT_TARGET = 10.3;
				MTL_ENABLE_DEBUG_INFO = NO;
				SDKROOT = iphoneos;
				SWIFT_OPTIMIZATION_LEVEL = "-Owholemodule";
				TARGETED_DEVICE_FAMILY = "1,2";
				VALIDATE_PRODUCT = YES;
			};
			name = Release;
		};
		AA49EBF11ECC55AF008A615F /* Debug */ = {
			isa = XCBuildConfiguration;
			baseConfigurationReference = 1E5F211115F20A052B22C66C /* Pods-OrderGrid.debug.xcconfig */;
			buildSettings = {
				ASSETCATALOG_COMPILER_APPICON_NAME = AppIcon;
				DEVELOPMENT_TEAM = 5H5DB854MQ;
				INFOPLIST_FILE = OrderGrid/Info.plist;
				IPHONEOS_DEPLOYMENT_TARGET = 10.3;
				LD_RUNPATH_SEARCH_PATHS = "$(inherited) @executable_path/Frameworks";
				PRODUCT_BUNDLE_IDENTIFIER = cpfeiffer.OrderGrid;
				PRODUCT_NAME = "$(TARGET_NAME)";
				SWIFT_VERSION = 3.0;
			};
			name = Debug;
		};
		AA49EBF21ECC55AF008A615F /* Release */ = {
			isa = XCBuildConfiguration;
			baseConfigurationReference = 6C7FB5FEBF10BFB1D2DBD4FC /* Pods-OrderGrid.release.xcconfig */;
			buildSettings = {
				ASSETCATALOG_COMPILER_APPICON_NAME = AppIcon;
				DEVELOPMENT_TEAM = 5H5DB854MQ;
				INFOPLIST_FILE = OrderGrid/Info.plist;
				IPHONEOS_DEPLOYMENT_TARGET = 10.3;
				LD_RUNPATH_SEARCH_PATHS = "$(inherited) @executable_path/Frameworks";
				PRODUCT_BUNDLE_IDENTIFIER = cpfeiffer.OrderGrid;
				PRODUCT_NAME = "$(TARGET_NAME)";
				SWIFT_VERSION = 3.0;
			};
			name = Release;
		};
		AA49EBF41ECC55AF008A615F /* Debug */ = {
			isa = XCBuildConfiguration;
			baseConfigurationReference = E601DEBDC603A13A3B9C9550 /* Pods-OrderGridTests.debug.xcconfig */;
			buildSettings = {
				ALWAYS_EMBED_SWIFT_STANDARD_LIBRARIES = YES;
				BUNDLE_LOADER = "$(TEST_HOST)";
				DEVELOPMENT_TEAM = 5H5DB854MQ;
				INFOPLIST_FILE = OrderGridTests/Info.plist;
				LD_RUNPATH_SEARCH_PATHS = "$(inherited) @executable_path/Frameworks @loader_path/Frameworks";
				PRODUCT_BUNDLE_IDENTIFIER = cpfeiffer.OrderGridTests;
				PRODUCT_NAME = "$(TARGET_NAME)";
				SWIFT_VERSION = 3.0;
				TEST_HOST = "$(BUILT_PRODUCTS_DIR)/OrderGrid.app/OrderGrid";
			};
			name = Debug;
		};
		AA49EBF51ECC55AF008A615F /* Release */ = {
			isa = XCBuildConfiguration;
			baseConfigurationReference = E50811A2E47936DA3F9459B4 /* Pods-OrderGridTests.release.xcconfig */;
			buildSettings = {
				ALWAYS_EMBED_SWIFT_STANDARD_LIBRARIES = YES;
				BUNDLE_LOADER = "$(TEST_HOST)";
				DEVELOPMENT_TEAM = 5H5DB854MQ;
				INFOPLIST_FILE = OrderGridTests/Info.plist;
				LD_RUNPATH_SEARCH_PATHS = "$(inherited) @executable_path/Frameworks @loader_path/Frameworks";
				PRODUCT_BUNDLE_IDENTIFIER = cpfeiffer.OrderGridTests;
				PRODUCT_NAME = "$(TARGET_NAME)";
				SWIFT_VERSION = 3.0;
				TEST_HOST = "$(BUILT_PRODUCTS_DIR)/OrderGrid.app/OrderGrid";
			};
			name = Release;
		};
		AA49EBF71ECC55AF008A615F /* Debug */ = {
			isa = XCBuildConfiguration;
			baseConfigurationReference = DA06D2E2A1DC69F42E49CA8A /* Pods-OrderGridUITests.debug.xcconfig */;
			buildSettings = {
				ALWAYS_EMBED_SWIFT_STANDARD_LIBRARIES = YES;
				DEVELOPMENT_TEAM = 5H5DB854MQ;
				INFOPLIST_FILE = OrderGridUITests/Info.plist;
				LD_RUNPATH_SEARCH_PATHS = "$(inherited) @executable_path/Frameworks @loader_path/Frameworks";
				PRODUCT_BUNDLE_IDENTIFIER = cpfeiffer.OrderGridUITests;
				PRODUCT_NAME = "$(TARGET_NAME)";
				SWIFT_VERSION = 3.0;
				TEST_TARGET_NAME = OrderGrid;
			};
			name = Debug;
		};
		AA49EBF81ECC55AF008A615F /* Release */ = {
			isa = XCBuildConfiguration;
			baseConfigurationReference = 0D19412846002B2F80BC4D54 /* Pods-OrderGridUITests.release.xcconfig */;
			buildSettings = {
				ALWAYS_EMBED_SWIFT_STANDARD_LIBRARIES = YES;
				DEVELOPMENT_TEAM = 5H5DB854MQ;
				INFOPLIST_FILE = OrderGridUITests/Info.plist;
				LD_RUNPATH_SEARCH_PATHS = "$(inherited) @executable_path/Frameworks @loader_path/Frameworks";
				PRODUCT_BUNDLE_IDENTIFIER = cpfeiffer.OrderGridUITests;
				PRODUCT_NAME = "$(TARGET_NAME)";
				SWIFT_VERSION = 3.0;
				TEST_TARGET_NAME = OrderGrid;
			};
			name = Release;
		};
/* End XCBuildConfiguration section */

/* Begin XCConfigurationList section */
		AA49EBC31ECC55AF008A615F /* Build configuration list for PBXProject "OrderGrid" */ = {
			isa = XCConfigurationList;
			buildConfigurations = (
				AA49EBEE1ECC55AF008A615F /* Debug */,
				AA49EBEF1ECC55AF008A615F /* Release */,
			);
			defaultConfigurationIsVisible = 0;
			defaultConfigurationName = Release;
		};
		AA49EBF01ECC55AF008A615F /* Build configuration list for PBXNativeTarget "OrderGrid" */ = {
			isa = XCConfigurationList;
			buildConfigurations = (
				AA49EBF11ECC55AF008A615F /* Debug */,
				AA49EBF21ECC55AF008A615F /* Release */,
			);
			defaultConfigurationIsVisible = 0;
			defaultConfigurationName = Release;
		};
		AA49EBF31ECC55AF008A615F /* Build configuration list for PBXNativeTarget "OrderGridTests" */ = {
			isa = XCConfigurationList;
			buildConfigurations = (
				AA49EBF41ECC55AF008A615F /* Debug */,
				AA49EBF51ECC55AF008A615F /* Release */,
			);
			defaultConfigurationIsVisible = 0;
			defaultConfigurationName = Release;
		};
		AA49EBF61ECC55AF008A615F /* Build configuration list for PBXNativeTarget "OrderGridUITests" */ = {
			isa = XCConfigurationList;
			buildConfigurations = (
				AA49EBF71ECC55AF008A615F /* Debug */,
				AA49EBF81ECC55AF008A615F /* Release */,
			);
			defaultConfigurationIsVisible = 0;
			defaultConfigurationName = Release;
		};
/* End XCConfigurationList section */
	};
	rootObject = AA49EBC01ECC55AF008A615F /* Project object */;
}
